<?xml version="1.0" encoding="UTF-8" standalone="yes" ?>
<CodeBlocks_project_file>
	<FileVersion major="1" minor="6" />
	<Project>
		<Option title="Practica_Final_2018" />
		<Option pch_mode="2" />
		<Option compiler="gcc" />
		<Build>
			<Target title="Debug">
				<Option output="bin/Debug/Practica_Final_2018" prefix_auto="1" extension_auto="1" />
				<Option object_output="obj/Debug/" />
				<Option type="1" />
				<Option compiler="gcc" />
				<Compiler>
					<Add option="-g" />
				</Compiler>
			</Target>
			<Target title="Release">
				<Option output="bin/Release/Practica_Final_2018" prefix_auto="1" extension_auto="1" />
				<Option object_output="obj/Release/" />
				<Option type="1" />
				<Option compiler="gcc" />
				<Compiler>
					<Add option="-O2" />
				</Compiler>
				<Linker>
					<Add option="-s" />
				</Linker>
			</Target>
		</Build>
		<Compiler>
			<Add option="-Wall" />
		</Compiler>
		<Unit filename="Controller.c">
			<Option compilerVar="CC" />
		</Unit>
		<Unit filename="Controller.h" />
		<Unit filename="LinkedList.c">
			<Option compilerVar="CC" />
		</Unit>
		<Unit filename="LinkedList.h" />
		<Unit filename="Parser.c">
			<Option compilerVar="CC" />
		</Unit>
		<Unit filename="Parser.h" />
		<Unit filename="main.c">
			<Option compilerVar="CC" />
		</Unit>
		<Unit filename="reglasNegocio.c">
			<Option compilerVar="CC" />
		</Unit>
		<Unit filename="reglasNegocio.h" />
		<Unit filename="utn.c">
			<Option compilerVar="CC" />
		</Unit>
		<Unit filename="utn.h" />
		<Extensions>
			<code_completion />
			<envvars />
			<debugger />
			<lib_finder disable_auto="1" />
		</Extensions>
	</Project>
</CodeBlocks_project_file>
